
Microsoft Visual Studio Solution File, Format Version 12.00
# Visual Studio Version 17
VisualStudioVersion = 17.2.32519.379
MinimumVisualStudioVersion = 10.0.40219.1
Project("{FAE04EC0-301F-11D3-BF4B-00C04F79EFBC}") = "MetaschemaXmlReader", "MetaschemaXmlReader.csproj", "{DD1C616C-EC24-4D28-9F0D-DB8D4787397E}"
EndProject
Global
	GlobalSection(SolutionConfigurationPlatforms) = preSolution
		Debug|Any CPU = Debug|Any CPU
		Release|Any CPU = Release|Any CPU
	EndGlobalSection
	GlobalSection(ProjectConfigurationPlatforms) = postSolution
		{DD1C616C-EC24-4D28-9F0D-DB8D4787397E}.Debug|Any CPU.ActiveCfg = Debug|Any CPU
		{DD1C616C-EC24-4D28-9F0D-DB8D4787397E}.Debug|Any CPU.Build.0 = Debug|Any CPU
		{DD1C616C-EC24-4D28-9F0D-DB8D4787397E}.Release|Any CPU.ActiveCfg = Release|Any CPU
		{DD1C616C-EC24-4D28-9F0D-DB8D4787397E}.Release|Any CPU.Build.0 = Release|Any CPU
	EndGlobalSection
	GlobalSection(SolutionProperties) = preSolution
		HideSolutionNode = FALSE
	EndGlobalSection
	GlobalSection(ExtensibilityGlobals) = postSolution
		SolutionGuid = {F1630C92-C556-4622-A380-63F71D0E0ECD}
	EndGlobalSection
EndGlobal
